{
  "name": "@rbxts/object-utils",
  "version": "1.0.1",
  "lockfileVersion": 1,
  "requires": true,
  "dependencies": {
    "@rbxts/compiler-types": {
      "version": "1.0.0-beta.4.0",
      "resolved": "https://registry.npmjs.org/@rbxts/compiler-types/-/compiler-types-1.0.0-beta.4.0.tgz",
      "integrity": "sha512-vanFGfZGo03d+z31jixC18N/yGjUNuGYR503YaoYMM3NLEwnKeFVxIbUBhp+aJq+gcXQUO7/0NgzoeTB9ypFwg==",
      "dev": true
    },
    "@rbxts/types": {
      "version": "1.0.423",
      "resolved": "https://registry.npmjs.org/@rbxts/types/-/types-1.0.423.tgz",
      "integrity": "sha512-ZPLbd+nu5W5+8K7IBJd+l4JQfIZWUpkDQvO6D/q8rRFb880ofPmLgiG7c+ayXVAjNR3iDLHihVzYozgw0nDrqg==",
      "dev": true,
      "requires": {
        "@rbxts/compiler-types": "*"
      }
    }
  }
}
